// !$*UTF8*$!
{
	archiveVersion = 1;
	classes = {
	};
	objectVersion = 48;
	objects = {

/* Begin PBXBuildFile section */
		2CD038601F0153AD004234D3 /* AppDelegate.swift in Sources */ = {isa = PBXBuildFile; fileRef = 2CD0385F1F0153AD004234D3 /* AppDelegate.swift */; };
		2CD038621F0153AD004234D3 /* ViewController.swift in Sources */ = {isa = PBXBuildFile; fileRef = 2CD038611F0153AD004234D3 /* ViewController.swift */; };
		2CD038651F0153AD004234D3 /* Main.storyboard in Resources */ = {isa = PBXBuildFile; fileRef = 2CD038631F0153AD004234D3 /* Main.storyboard */; };
		2CD038671F0153AD004234D3 /* Assets.xcassets in Resources */ = {isa = PBXBuildFile; fileRef = 2CD038661F0153AD004234D3 /* Assets.xcassets */; };
		2CD0386A1F0153AD004234D3 /* LaunchScreen.storyboard in Resources */ = {isa = PBXBuildFile; fileRef = 2CD038681F0153AD004234D3 /* LaunchScreen.storyboard */; };
		2CD038741F0155B0004234D3 /* Constants.swift in Sources */ = {isa = PBXBuildFile; fileRef = 2CD038731F0155B0004234D3 /* Constants.swift */; };
		2CD0387C1F015BFF004234D3 /* KeyboardViewController.swift in Sources */ = {isa = PBXBuildFile; fileRef = 2CD0387B1F015BFF004234D3 /* KeyboardViewController.swift */; };
		2CD038801F015BFF004234D3 /* HumbleKeyboard.appex in Embed App Extensions */ = {isa = PBXBuildFile; fileRef = 2CD038791F015BFF004234D3 /* HumbleKeyboard.appex */; settings = {ATTRIBUTES = (RemoveHeadersOnCopy, ); }; };
/* End PBXBuildFile section */

/* Begin PBXContainerItemProxy section */
		2CD0387E1F015BFF004234D3 /* PBXContainerItemProxy */ = {
			isa = PBXContainerItemProxy;
			containerPortal = 2CD038541F0153AD004234D3 /* Project object */;
			proxyType = 1;
			remoteGlobalIDString = 2CD038781F015BFF004234D3;
			remoteInfo = HumbleKeyboard;
		};
/* End PBXContainerItemProxy section */

/* Begin PBXCopyFilesBuildPhase section */
		2CD038841F015BFF004234D3 /* Embed App Extensions */ = {
			isa = PBXCopyFilesBuildPhase;
			buildActionMask = 2147483647;
			dstPath = "";
			dstSubfolderSpec = 13;
			files = (
				2CD038801F015BFF004234D3 /* HumbleKeyboard.appex in Embed App Extensions */,
			);
			name = "Embed App Extensions";
			runOnlyForDeploymentPostprocessing = 0;
		};
/* End PBXCopyFilesBuildPhase section */

/* Begin PBXFileReference section */
		2CD0385C1F0153AD004234D3 /* RailsTutorial.app */ = {isa = PBXFileReference; explicitFileType = wrapper.application; includeInIndex = 0; path = RailsTutorial.app; sourceTree = BUILT_PRODUCTS_DIR; };
		2CD0385F1F0153AD004234D3 /* AppDelegate.swift */ = {isa = PBXFileReference; lastKnownFileType = sourcecode.swift; path = AppDelegate.swift; sourceTree = "<group>"; };
		2CD038611F0153AD004234D3 /* ViewController.swift */ = {isa = PBXFileReference; lastKnownFileType = sourcecode.swift; path = ViewController.swift; sourceTree = "<group>"; };
		2CD038641F0153AD004234D3 /* Base */ = {isa = PBXFileReference; lastKnownFileType = file.storyboard; name = Base; path = Base.lproj/Main.storyboard; sourceTree = "<group>"; };
		2CD038661F0153AD004234D3 /* Assets.xcassets */ = {isa = PBXFileReference; lastKnownFileType = folder.assetcatalog; path = Assets.xcassets; sourceTree = "<group>"; };
		2CD038691F0153AD004234D3 /* Base */ = {isa = PBXFileReference; lastKnownFileType = file.storyboard; name = Base; path = Base.lproj/LaunchScreen.storyboard; sourceTree = "<group>"; };
		2CD0386B1F0153AD004234D3 /* Info.plist */ = {isa = PBXFileReference; lastKnownFileType = text.plist.xml; path = Info.plist; sourceTree = "<group>"; };
		2CD038721F015493004234D3 /* WebKit.framework */ = {isa = PBXFileReference; lastKnownFileType = wrapper.framework; name = WebKit.framework; path = System/Library/Frameworks/WebKit.framework; sourceTree = SDKROOT; };
		2CD038731F0155B0004234D3 /* Constants.swift */ = {isa = PBXFileReference; lastKnownFileType = sourcecode.swift; path = Constants.swift; sourceTree = "<group>"; };
		2CD038791F015BFF004234D3 /* HumbleKeyboard.appex */ = {isa = PBXFileReference; explicitFileType = "wrapper.app-extension"; includeInIndex = 0; path = HumbleKeyboard.appex; sourceTree = BUILT_PRODUCTS_DIR; };
		2CD0387B1F015BFF004234D3 /* KeyboardViewController.swift */ = {isa = PBXFileReference; lastKnownFileType = sourcecode.swift; path = KeyboardViewController.swift; sourceTree = "<group>"; };
		2CD0387D1F015BFF004234D3 /* Info.plist */ = {isa = PBXFileReference; lastKnownFileType = text.plist.xml; path = Info.plist; sourceTree = "<group>"; };
/* End PBXFileReference section */

/* Begin PBXFrameworksBuildPhase section */
		2CD038591F0153AD004234D3 /* Frameworks */ = {
			isa = PBXFrameworksBuildPhase;
			buildActionMask = 2147483647;
			files = (
			);
			runOnlyForDeploymentPostprocessing = 0;
		};
		2CD038761F015BFF004234D3 /* Frameworks */ = {
			isa = PBXFrameworksBuildPhase;
			buildActionMask = 2147483647;
			files = (
			);
			runOnlyForDeploymentPostprocessing = 0;
		};
/* End PBXFrameworksBuildPhase section */

/* Begin PBXGroup section */
		2CD038531F0153AD004234D3 = {
			isa = PBXGroup;
			children = (
				2CD0385E1F0153AD004234D3 /* RailsTutorial */,
				2CD0387A1F015BFF004234D3 /* HumbleKeyboard */,
				2CD0385D1F0153AD004234D3 /* Products */,
				2CD038711F015493004234D3 /* Frameworks */,
			);
			sourceTree = "<group>";
		};
		2CD0385D1F0153AD004234D3 /* Products */ = {
			isa = PBXGroup;
			children = (
				2CD0385C1F0153AD004234D3 /* RailsTutorial.app */,
				2CD038791F015BFF004234D3 /* HumbleKeyboard.appex */,
			);
			name = Products;
			sourceTree = "<group>";
		};
		2CD0385E1F0153AD004234D3 /* RailsTutorial */ = {
			isa = PBXGroup;
			children = (
				2CD0385F1F0153AD004234D3 /* AppDelegate.swift */,
				2CD038611F0153AD004234D3 /* ViewController.swift */,
				2CD038631F0153AD004234D3 /* Main.storyboard */,
				2CD038661F0153AD004234D3 /* Assets.xcassets */,
				2CD038681F0153AD004234D3 /* LaunchScreen.storyboard */,
				2CD038731F0155B0004234D3 /* Constants.swift */,
				2CD0386B1F0153AD004234D3 /* Info.plist */,
			);
			path = RailsTutorial;
			sourceTree = "<group>";
		};
		2CD038711F015493004234D3 /* Frameworks */ = {
			isa = PBXGroup;
			children = (
				2CD038721F015493004234D3 /* WebKit.framework */,
			);
			name = Frameworks;
			sourceTree = "<group>";
		};
		2CD0387A1F015BFF004234D3 /* HumbleKeyboard */ = {
			isa = PBXGroup;
			children = (
				2CD0387B1F015BFF004234D3 /* KeyboardViewController.swift */,
				2CD0387D1F015BFF004234D3 /* Info.plist */,
			);
			path = HumbleKeyboard;
			sourceTree = "<group>";
		};
/* End PBXGroup section */

/* Begin PBXNativeTarget section */
		2CD0385B1F0153AD004234D3 /* RailsTutorial */ = {
			isa = PBXNativeTarget;
			buildConfigurationList = 2CD0386E1F0153AD004234D3 /* Build configuration list for PBXNativeTarget "RailsTutorial" */;
			buildPhases = (
				2CD038581F0153AD004234D3 /* Sources */,
				2CD038591F0153AD004234D3 /* Frameworks */,
				2CD0385A1F0153AD004234D3 /* Resources */,
				2CD038841F015BFF004234D3 /* Embed App Extensions */,
			);
			buildRules = (
			);
			dependencies = (
				2CD0387F1F015BFF004234D3 /* PBXTargetDependency */,
			);
			name = RailsTutorial;
			productName = RailsTutorial;
			productReference = 2CD0385C1F0153AD004234D3 /* RailsTutorial.app */;
			productType = "com.apple.product-type.application";
		};
		2CD038781F015BFF004234D3 /* HumbleKeyboard */ = {
			isa = PBXNativeTarget;
			buildConfigurationList = 2CD038811F015BFF004234D3 /* Build configuration list for PBXNativeTarget "HumbleKeyboard" */;
			buildPhases = (
				2CD038751F015BFF004234D3 /* Sources */,
				2CD038761F015BFF004234D3 /* Frameworks */,
				2CD038771F015BFF004234D3 /* Resources */,
			);
			buildRules = (
			);
			dependencies = (
			);
			name = HumbleKeyboard;
			productName = HumbleKeyboard;
			productReference = 2CD038791F015BFF004234D3 /* HumbleKeyboard.appex */;
			productType = "com.apple.product-type.app-extension";
		};
/* End PBXNativeTarget section */

/* Begin PBXProject section */
		2CD038541F0153AD004234D3 /* Project object */ = {
			isa = PBXProject;
			attributes = {
				LastSwiftUpdateCheck = 0900;
				LastUpgradeCheck = 0900;
				ORGANIZATIONNAME = "Mitsuyoshi Yamazaki";
				TargetAttributes = {
					2CD0385B1F0153AD004234D3 = {
						CreatedOnToolsVersion = 9.0;
					};
					2CD038781F015BFF004234D3 = {
						CreatedOnToolsVersion = 9.0;
					};
				};
			};
			buildConfigurationList = 2CD038571F0153AD004234D3 /* Build configuration list for PBXProject "RailsTutorial" */;
			compatibilityVersion = "Xcode 8.0";
			developmentRegion = en;
			hasScannedForEncodings = 0;
			knownRegions = (
				en,
				Base,
			);
			mainGroup = 2CD038531F0153AD004234D3;
			productRefGroup = 2CD0385D1F0153AD004234D3 /* Products */;
			projectDirPath = "";
			projectRoot = "";
			targets = (
				2CD0385B1F0153AD004234D3 /* RailsTutorial */,
				2CD038781F015BFF004234D3 /* HumbleKeyboard */,
			);
		};
/* End PBXProject section */

/* Begin PBXResourcesBuildPhase section */
		2CD0385A1F0153AD004234D3 /* Resources */ = {
			isa = PBXResourcesBuildPhase;
			buildActionMask = 2147483647;
			files = (
				2CD0386A1F0153AD004234D3 /* LaunchScreen.storyboard in Resources */,
				2CD038671F0153AD004234D3 /* Assets.xcassets in Resources */,
				2CD038651F0153AD004234D3 /* Main.storyboard in Resources */,
			);
			runOnlyForDeploymentPostprocessing = 0;
		};
		2CD038771F015BFF004234D3 /* Resources */ = {
			isa = PBXResourcesBuildPhase;
			buildActionMask = 2147483647;
			files = (
			);
			runOnlyForDeploymentPostprocessing = 0;
		};
/* End PBXResourcesBuildPhase section */

/* Begin PBXSourcesBuildPhase section */
		2CD038581F0153AD004234D3 /* Sources */ = {
			isa = PBXSourcesBuildPhase;
			buildActionMask = 2147483647;
			files = (
				2CD038621F0153AD004234D3 /* ViewController.swift in Sources */,
				2CD038601F0153AD004234D3 /* AppDelegate.swift in Sources */,
				2CD038741F0155B0004234D3 /* Constants.swift in Sources */,
			);
			runOnlyForDeploymentPostprocessing = 0;
		};
		2CD038751F015BFF004234D3 /* Sources */ = {
			isa = PBXSourcesBuildPhase;
			buildActionMask = 2147483647;
			files = (
				2CD0387C1F015BFF004234D3 /* KeyboardViewController.swift in Sources */,
			);
			runOnlyForDeploymentPostprocessing = 0;
		};
/* End PBXSourcesBuildPhase section */

/* Begin PBXTargetDependency section */
		2CD0387F1F015BFF004234D3 /* PBXTargetDependency */ = {
			isa = PBXTargetDependency;
			target = 2CD038781F015BFF004234D3 /* HumbleKeyboard */;
			targetProxy = 2CD0387E1F015BFF004234D3 /* PBXContainerItemProxy */;
		};
/* End PBXTargetDependency section */

/* Begin PBXVariantGroup section */
		2CD038631F0153AD004234D3 /* Main.storyboard */ = {
			isa = PBXVariantGroup;
			children = (
				2CD038641F0153AD004234D3 /* Base */,
			);
			name = Main.storyboard;
			sourceTree = "<group>";
		};
		2CD038681F0153AD004234D3 /* LaunchScreen.storyboard */ = {
			isa = PBXVariantGroup;
			children = (
				2CD038691F0153AD004234D3 /* Base */,
			);
			name = LaunchScreen.storyboard;
			sourceTree = "<group>";
		};
/* End PBXVariantGroup section */

/* Begin XCBuildConfiguration section */
		2CD0386C1F0153AD004234D3 /* Debug */ = {
			isa = XCBuildConfiguration;
			buildSettings = {
				ALWAYS_SEARCH_USER_PATHS = NO;
				CLANG_ANALYZER_NONNULL = YES;
				CLANG_ANALYZER_NUMBER_OBJECT_CONVERSION = YES_AGGRESSIVE;
				CLANG_CXX_LANGUAGE_STANDARD = "gnu++14";
				CLANG_CXX_LIBRARY = "libc++";
				CLANG_ENABLE_MODULES = YES;
				CLANG_ENABLE_OBJC_ARC = YES;
				CLANG_WARN_BLOCK_CAPTURE_AUTORELEASING = YES;
				CLANG_WARN_BOOL_CONVERSION = YES;
				CLANG_WARN_COMMA = YES;
				CLANG_WARN_CONSTANT_CONVERSION = YES;
				CLANG_WARN_DIRECT_OBJC_ISA_USAGE = YES_ERROR;
				CLANG_WARN_DOCUMENTATION_COMMENTS = YES;
				CLANG_WARN_EMPTY_BODY = YES;
				CLANG_WARN_ENUM_CONVERSION = YES;
				CLANG_WARN_INFINITE_RECURSION = YES;
				CLANG_WARN_INT_CONVERSION = YES;
				CLANG_WARN_OBJC_ROOT_CLASS = YES_ERROR;
				CLANG_WARN_RANGE_LOOP_ANALYSIS = YES;
				CLANG_WARN_STRICT_PROTOTYPES = YES;
				CLANG_WARN_SUSPICIOUS_MOVE = YES;
				CLANG_WARN_UNGUARDED_AVAILABILITY = YES_AGGRESSIVE;
				CLANG_WARN_UNREACHABLE_CODE = YES;
				CLANG_WARN__DUPLICATE_METHOD_MATCH = YES;
				CODE_SIGN_IDENTITY = "iPhone Developer";
				COPY_PHASE_STRIP = NO;
				DEBUG_INFORMATION_FORMAT = dwarf;
				ENABLE_STRICT_OBJC_MSGSEND = YES;
				ENABLE_TESTABILITY = YES;
				GCC_C_LANGUAGE_STANDARD = gnu11;
				GCC_DYNAMIC_NO_PIC = NO;
				GCC_NO_COMMON_BLOCKS = YES;
				GCC_OPTIMIZATION_LEVEL = 0;
				GCC_PREPROCESSOR_DEFINITIONS = (
					"DEBUG=1",
					"$(inherited)",
				);
				GCC_WARN_64_TO_32_BIT_CONVERSION = YES;
				GCC_WARN_ABOUT_RETURN_TYPE = YES_ERROR;
				GCC_WARN_UNDECLARED_SELECTOR = YES;
				GCC_WARN_UNINITIALIZED_AUTOS = YES_AGGRESSIVE;
				GCC_WARN_UNUSED_FUNCTION = YES;
				GCC_WARN_UNUSED_VARIABLE = YES;
				IPHONEOS_DEPLOYMENT_TARGET = 11.0;
				MTL_ENABLE_DEBUG_INFO = YES;
				ONLY_ACTIVE_ARCH = YES;
				SDKROOT = iphoneos;
				SWIFT_ACTIVE_COMPILATION_CONDITIONS = DEBUG;
				SWIFT_OPTIMIZATION_LEVEL = "-Onone";
			};
			name = Debug;
		};
		2CD0386D1F0153AD004234D3 /* Release */ = {
			isa = XCBuildConfiguration;
			buildSettings = {
				ALWAYS_SEARCH_USER_PATHS = NO;
				CLANG_ANALYZER_NONNULL = YES;
				CLANG_ANALYZER_NUMBER_OBJECT_CONVERSION = YES_AGGRESSIVE;
				CLANG_CXX_LANGUAGE_STANDARD = "gnu++14";
				CLANG_CXX_LIBRARY = "libc++";
				CLANG_ENABLE_MODULES = YES;
				CLANG_ENABLE_OBJC_ARC = YES;
				CLANG_WARN_BLOCK_CAPTURE_AUTORELEASING = YES;
				CLANG_WARN_BOOL_CONVERSION = YES;
				CLANG_WARN_COMMA = YES;
				CLANG_WARN_CONSTANT_CONVERSION = YES;
				CLANG_WARN_DIRECT_OBJC_ISA_USAGE = YES_ERROR;
				CLANG_WARN_DOCUMENTATION_COMMENTS = YES;
				CLANG_WARN_EMPTY_BODY = YES;
				CLANG_WARN_ENUM_CONVERSION = YES;
				CLANG_WARN_INFINITE_RECURSION = YES;
				CLANG_WARN_INT_CONVERSION = YES;
				CLANG_WARN_OBJC_ROOT_CLASS = YES_ERROR;
				CLANG_WARN_RANGE_LOOP_ANALYSIS = YES;
				CLANG_WARN_STRICT_PROTOTYPES = YES;
				CLANG_WARN_SUSPICIOUS_MOVE = YES;
				CLANG_WARN_UNGUARDED_AVAILABILITY = YES_AGGRESSIVE;
				CLANG_WARN_UNREACHABLE_CODE = YES;
				CLANG_WARN__DUPLICATE_METHOD_MATCH = YES;
				CODE_SIGN_IDENTITY = "iPhone Developer";
				COPY_PHASE_STRIP = NO;
				DEBUG_INFORMATION_FORMAT = "dwarf-with-dsym";
				ENABLE_NS_ASSERTIONS = NO;
				ENABLE_STRICT_OBJC_MSGSEND = YES;
				GCC_C_LANGUAGE_STANDARD = gnu11;
				GCC_NO_COMMON_BLOCKS = YES;
				GCC_WARN_64_TO_32_BIT_CONVERSION = YES;
				GCC_WARN_ABOUT_RETURN_TYPE = YES_ERROR;
				GCC_WARN_UNDECLARED_SELECTOR = YES;
				GCC_WARN_UNINITIALIZED_AUTOS = YES_AGGRESSIVE;
				GCC_WARN_UNUSED_FUNCTION = YES;
				GCC_WARN_UNUSED_VARIABLE = YES;
				IPHONEOS_DEPLOYMENT_TARGET = 11.0;
				MTL_ENABLE_DEBUG_INFO = NO;
				SDKROOT = iphoneos;
				SWIFT_OPTIMIZATION_LEVEL = "-Owholemodule";
				VALIDATE_PRODUCT = YES;
			};
			name = Release;
		};
		2CD0386F1F0153AD004234D3 /* Debug */ = {
			isa = XCBuildConfiguration;
			buildSettings = {
				ALWAYS_EMBED_SWIFT_STANDARD_LIBRARIES = YES;
				ASSETCATALOG_COMPILER_APPICON_NAME = AppIcon;
				INFOPLIST_FILE = RailsTutorial/Info.plist;
				LD_RUNPATH_SEARCH_PATHS = "$(inherited) @executable_path/Frameworks";
				PRODUCT_BUNDLE_IDENTIFIER = mitsuyoshi.RailsTutorial;
				PRODUCT_NAME = "$(TARGET_NAME)";
				SWIFT_VERSION = 4.0;
				TARGETED_DEVICE_FAMILY = "1,2";
			};
			name = Debug;
		};
		2CD038701F0153AD004234D3 /* Release */ = {
			isa = XCBuildConfiguration;
			buildSettings = {
				ALWAYS_EMBED_SWIFT_STANDARD_LIBRARIES = YES;
				ASSETCATALOG_COMPILER_APPICON_NAME = AppIcon;
				INFOPLIST_FILE = RailsTutorial/Info.plist;
				LD_RUNPATH_SEARCH_PATHS = "$(inherited) @executable_path/Frameworks";
				PRODUCT_BUNDLE_IDENTIFIER = mitsuyoshi.RailsTutorial;
				PRODUCT_NAME = "$(TARGET_NAME)";
				SWIFT_VERSION = 4.0;
				TARGETED_DEVICE_FAMILY = "1,2";
			};
			name = Release;
		};
		2CD038821F015BFF004234D3 /* Debug */ = {
			isa = XCBuildConfiguration;
			buildSettings = {
				INFOPLIST_FILE = HumbleKeyboard/Info.plist;
				LD_RUNPATH_SEARCH_PATHS = "$(inherited) @executable_path/Frameworks @executable_path/../../Frameworks";
				PRODUCT_BUNDLE_IDENTIFIER = mitsuyoshi.RailsTutorial.HumbleKeyboard;
				PRODUCT_NAME = "$(TARGET_NAME)";
				SKIP_INSTALL = YES;
				SWIFT_VERSION = 4.0;
				TARGETED_DEVICE_FAMILY = "1,2";
			};
			name = Debug;
		};
		2CD038831F015BFF004234D3 /* Release */ = {
			isa = XCBuildConfiguration;
			buildSettings = {
				INFOPLIST_FILE = HumbleKeyboard/Info.plist;
				LD_RUNPATH_SEARCH_PATHS = "$(inherited) @executable_path/Frameworks @executable_path/../../Frameworks";
				PRODUCT_BUNDLE_IDENTIFIER = mitsuyoshi.RailsTutorial.HumbleKeyboard;
				PRODUCT_NAME = "$(TARGET_NAME)";
				SKIP_INSTALL = YES;
				SWIFT_VERSION = 4.0;
				TARGETED_DEVICE_FAMILY = "1,2";
			};
			name = Release;
		};
/* End XCBuildConfiguration section */

/* Begin XCConfigurationList section */
		2CD038571F0153AD004234D3 /* Build configuration list for PBXProject "RailsTutorial" */ = {
			isa = XCConfigurationList;
			buildConfigurations = (
				2CD0386C1F0153AD004234D3 /* Debug */,
				2CD0386D1F0153AD004234D3 /* Release */,
			);
			defaultConfigurationIsVisible = 0;
			defaultConfigurationName = Release;
		};
		2CD0386E1F0153AD004234D3 /* Build configuration list for PBXNativeTarget "RailsTutorial" */ = {
			isa = XCConfigurationList;
			buildConfigurations = (
				2CD0386F1F0153AD004234D3 /* Debug */,
				2CD038701F0153AD004234D3 /* Release */,
			);
			defaultConfigurationIsVisible = 0;
			defaultConfigurationName = Release;
		};
		2CD038811F015BFF004234D3 /* Build configuration list for PBXNativeTarget "HumbleKeyboard" */ = {
			isa = XCConfigurationList;
			buildConfigurations = (
				2CD038821F015BFF004234D3 /* Debug */,
				2CD038831F015BFF004234D3 /* Release */,
			);
			defaultConfigurationIsVisible = 0;
		};
/* End XCConfigurationList section */
	};
	rootObject = 2CD038541F0153AD004234D3 /* Project object */;
}
